
Microsoft Visual Studio Solution File, Format Version 12.00
# Visual Studio Version 16
VisualStudioVersion = 16.0.30320.27
MinimumVisualStudioVersion = 10.0.40219.1
Project("{FAE04EC0-301F-11D3-BF4B-00C04F79EFBC}") = "Barovi", "Barovi\Barovi.csproj", "{CDC471F0-38D8-4521-B037-D36DA39F07DF}"
EndProject
Global
	GlobalSection(SolutionConfigurationPlatforms) = preSolution
		Debug|Any CPU = Debug|Any CPU
		Release|Any CPU = Release|Any CPU
	EndGlobalSection
	GlobalSection(ProjectConfigurationPlatforms) = postSolution
		{CDC471F0-38D8-4521-B037-D36DA39F07DF}.Debug|Any CPU.ActiveCfg = Debug|Any CPU
		{CDC471F0-38D8-4521-B037-D36DA39F07DF}.Debug|Any CPU.Build.0 = Debug|Any CPU
		{CDC471F0-38D8-4521-B037-D36DA39F07DF}.Release|Any CPU.ActiveCfg = Release|Any CPU
		{CDC471F0-38D8-4521-B037-D36DA39F07DF}.Release|Any CPU.Build.0 = Release|Any CPU
	EndGlobalSection
	GlobalSection(SolutionProperties) = preSolution
		HideSolutionNode = FALSE
	EndGlobalSection
	GlobalSection(ExtensibilityGlobals) = postSolution
		SolutionGuid = {1A5B2806-92C7-4321-A902-9BC377433BA4}
	EndGlobalSection
EndGlobal
